
Microsoft Visual Studio Solution File, Format Version 12.00
# Visual Studio Version 16
VisualStudioVersion = 16.0.29519.181
MinimumVisualStudioVersion = 10.0.40219.1
Project("{FAE04EC0-301F-11D3-BF4B-00C04F79EFBC}") = "VigenèreDecoder", "VigenèreDecoder\VigenèreDecoder.csproj", "{3943FE92-C07E-4D84-A6B1-0277F19D7EB9}"
EndProject
Global
	GlobalSection(SolutionConfigurationPlatforms) = preSolution
		Debug|Any CPU = Debug|Any CPU
		Release|Any CPU = Release|Any CPU
	EndGlobalSection
	GlobalSection(ProjectConfigurationPlatforms) = postSolution
		{3943FE92-C07E-4D84-A6B1-0277F19D7EB9}.Debug|Any CPU.ActiveCfg = Debug|Any CPU
		{3943FE92-C07E-4D84-A6B1-0277F19D7EB9}.Debug|Any CPU.Build.0 = Debug|Any CPU
		{3943FE92-C07E-4D84-A6B1-0277F19D7EB9}.Release|Any CPU.ActiveCfg = Release|Any CPU
		{3943FE92-C07E-4D84-A6B1-0277F19D7EB9}.Release|Any CPU.Build.0 = Release|Any CPU
	EndGlobalSection
	GlobalSection(SolutionProperties) = preSolution
		HideSolutionNode = FALSE
	EndGlobalSection
	GlobalSection(ExtensibilityGlobals) = postSolution
		SolutionGuid = {DB4CA3D0-659D-4CE5-A2BB-DBF8CD5B01F3}
	EndGlobalSection
EndGlobal
